
Microsoft Visual Studio Solution File, Format Version 12.00
# Visual Studio 14
VisualStudioVersion = 14.0.25420.1
MinimumVisualStudioVersion = 10.0.40219.1
Project("{FAE04EC0-301F-11D3-BF4B-00C04F79EFBC}") = "GasolutionsCompac", "GasolutionsCompac\GasolutionsCompac.csproj", "{D62B0B1C-146A-467F-AD6C-0473D7D369DE}"
EndProject
Project("{FAE04EC0-301F-11D3-BF4B-00C04F79EFBC}") = "GasolutionsCoritec", "GasolutionsCoritec\GasolutionsCoritec.csproj", "{1309D69A-B19A-4724-A63B-052451838086}"
EndProject
Project("{FAE04EC0-301F-11D3-BF4B-00C04F79EFBC}") = "GasolutionsDevelco", "GasolutionsDevelco\GasolutionsDevelco.csproj", "{B9DC7C06-0048-4ABD-A31C-5607718850C2}"
EndProject
Project("{FAE04EC0-301F-11D3-BF4B-00C04F79EFBC}") = "Gilbarco_Extended", "GasolutionsGilbarco_Extended\Gilbarco_Extended.csproj", "{5548F122-9539-4684-9399-17FFF29F0E39}"
EndProject
Project("{FAE04EC0-301F-11D3-BF4B-00C04F79EFBC}") = "GasolutionsGilbarcoKraus", "GasolutionsGilbarcoKraus\GasolutionsGilbarcoKraus.csproj", "{DDDB0451-5CD3-4E4C-AD25-5ADF3592B499}"
EndProject
Project("{FAE04EC0-301F-11D3-BF4B-00C04F79EFBC}") = "Wayne", "GasolutionsWayne\Wayne.csproj", "{68300427-4A4A-41E7-BEE4-C5D2AA5CF8DA}"
EndProject
Project("{F184B08F-C81C-45F6-A57F-5ABD9991F28F}") = "HP_FabricaProtocolosVB", "FabricaProtocolosVB\HP_FabricaProtocolosVB.vbproj", "{001BEF3C-26D3-4BB1-840E-0EF77F49A37C}"
EndProject
Project("{FAE04EC0-301F-11D3-BF4B-00C04F79EFBC}") = "HP_FabricaProtocolosC", "FabricaProtocolosC\HP_FabricaProtocolosC.csproj", "{4461D6EF-A284-442A-97B3-7B962F194882}"
EndProject
Project("{FAE04EC0-301F-11D3-BF4B-00C04F79EFBC}") = "PetroMecanica", "Petromecanica\PetroMecanica.csproj", "{A3EE153B-5198-4107-9523-040505F8B73B}"
EndProject
Project("{FAE04EC0-301F-11D3-BF4B-00C04F79EFBC}") = "Gilbarco", "GasolutionsGilbarco\Gilbarco.csproj", "{B8506E5D-1EB8-4C3C-9A74-1D5846EF58A7}"
EndProject
Project("{FAE04EC0-301F-11D3-BF4B-00C04F79EFBC}") = "Gasolutions_2A", "Gasolutions2A\Gasolutions_2A.csproj", "{E2E47DD5-07EE-4068-90B0-F86DD36ACB37}"
EndProject
Project("{FAE04EC0-301F-11D3-BF4B-00C04F79EFBC}") = "ProtocoloMR3", "ProtocoloMR3\ProtocoloMR3.csproj", "{5D046E2F-636F-4DBB-B058-6309DE2BF6FA}"
EndProject
Project("{FAE04EC0-301F-11D3-BF4B-00C04F79EFBC}") = "VentanaEncuestador", "VentanaEncuestador\VentanaEncuestador.csproj", "{A590BBE3-B3D5-4447-A9E2-A68259F1615C}"
EndProject
Project("{FAE04EC0-301F-11D3-BF4B-00C04F79EFBC}") = "GasolutionsVeederRoot", "GasolutionsVeederRoot\GasolutionsVeederRoot.csproj", "{AE0CB403-78B1-4729-B597-D65DC0B97C90}"
EndProject
Project("{FAE04EC0-301F-11D3-BF4B-00C04F79EFBC}") = "GasolutionsFAFNIR", "GasolutionsFAFNIR\GasolutionsFAFNIR.csproj", "{0D15646B-97AB-4F5D-BA12-ED5827FC82DD}"
EndProject
Project("{FAE04EC0-301F-11D3-BF4B-00C04F79EFBC}") = "GasolutionsWayne_Duplex", "GasolutionsWayne_Duplex\GasolutionsWayne_Duplex.csproj", "{6B4A0EC6-1BAC-4799-AA3A-1D36CEE777C5}"
EndProject
Project("{FAE04EC0-301F-11D3-BF4B-00C04F79EFBC}") = "GasolutionsGilbarco_2A", "GasolutionsGilbarco_2A\GasolutionsGilbarco_2A.csproj", "{99DA9B51-ADE3-4155-85CE-D598E6432965}"
EndProject
Project("{FAE04EC0-301F-11D3-BF4B-00C04F79EFBC}") = "HongYang", "GasolutionsHongYang\HongYang.csproj", "{42E905FD-4E69-4869-9CE9-02731C0B7810}"
EndProject
Project("{FAE04EC0-301F-11D3-BF4B-00C04F79EFBC}") = "GasolutionsTokheimStandar", "GasolutionsTokheimOriginal\GasolutionsTokheimStandar.csproj", "{D1F91F34-A609-492C-9E6E-382BEB9380DC}"
EndProject
Project("{FAE04EC0-301F-11D3-BF4B-00C04F79EFBC}") = "Gilbarco_Conversor", "GasolutionsGilbarco_Conversor\Gilbarco_Conversor.csproj", "{1438FE0A-A6F5-466D-8812-D050E18C542F}"
EndProject
Project("{FAE04EC0-301F-11D3-BF4B-00C04F79EFBC}") = "HP_ProtocoloGilbarco5787", "GasolutionsGilbarco5787\HP_ProtocoloGilbarco5787.csproj", "{8BA17C52-3F59-4B1C-A126-9E04B65E53FD}"
EndProject
Project("{FAE04EC0-301F-11D3-BF4B-00C04F79EFBC}") = "GasolutionsGilbarcoKraus5787", "GasolutionsGilbarcoKraus5787\GasolutionsGilbarcoKraus5787.csproj", "{54314913-CABE-4106-9C64-8F7B2A54C632}"
EndProject
Project("{FAE04EC0-301F-11D3-BF4B-00C04F79EFBC}") = "PumpControlGC22", "PumpControlGC22\PumpControlGC22.csproj", "{C9281AA3-5997-4E64-B342-1D38FD0897AC}"
EndProject
Project("{FAE04EC0-301F-11D3-BF4B-00C04F79EFBC}") = "PetroMecanica_conversor", "Petromecanica_Conversor\PetroMecanica_conversor.csproj", "{3D50563C-0A38-4F0C-A23A-B9EF9DD02D09}"
EndProject
Project("{FAE04EC0-301F-11D3-BF4B-00C04F79EFBC}") = "GasolutionsH2P_Safe", "GasolutionsH2P_Safe\GasolutionsH2P_Safe.csproj", "{EAB2E6EF-9ED9-484C-B145-9FE6D369CA48}"
EndProject
Project("{FAE04EC0-301F-11D3-BF4B-00C04F79EFBC}") = "Bennett", "GasolutionsBennett\Bennett.csproj", "{8FF61032-13B3-47DE-AEB9-49DFD69DE897}"
EndProject
Project("{FAE04EC0-301F-11D3-BF4B-00C04F79EFBC}") = "GasolutionsPumpControl", "GasolutionsPumpControl\GasolutionsPumpControl.csproj", "{084E40CE-BF7E-46C3-B209-7DA6D6B40E88}"
EndProject
Project("{FAE04EC0-301F-11D3-BF4B-00C04F79EFBC}") = "GasolutionsPumpControl_Autoriza", "GasolutionsPumpControl_V1.15 Autorizacion\GasolutionsPumpControl_Autoriza.csproj", "{BA5B950F-E32D-417D-81FB-B7D74C516782}"
EndProject
Project("{FAE04EC0-301F-11D3-BF4B-00C04F79EFBC}") = "Falcon", "GasolutionsFalcon\Falcon.csproj", "{A5C7FF85-DBB8-48F0-82F4-F1A992B991B7}"
EndProject
Project("{FAE04EC0-301F-11D3-BF4B-00C04F79EFBC}") = "GasolutionsGilbarcoEuroPump", "GasolutionsGilbarco_EuroPump\GasolutionsGilbarcoEuroPump.csproj", "{9D3A413D-8A78-450F-8A9C-D3EFF9DDE576}"
EndProject
Project("{FAE04EC0-301F-11D3-BF4B-00C04F79EFBC}") = "GasolutionsH2P_MRU", "GasolutionsH2P_MRU\GasolutionsH2P_MRU.csproj", "{475DF738-C6B2-4430-BE7A-B119A87588A9}"
EndProject
Project("{FAE04EC0-301F-11D3-BF4B-00C04F79EFBC}") = "PumpControlGC22_CPT", "PumpControlGC22_CPT\PumpControlGC22_CPT.csproj", "{0B6EF59E-EA13-44CE-8569-B8E07075CE5D}"
EndProject
Project("{FAE04EC0-301F-11D3-BF4B-00C04F79EFBC}") = "GenericProtocol", "Generic\GenericProtocol.csproj", "{83C62FF7-4B59-4459-BE46-0EEB53137195}"
EndProject
Project("{FAE04EC0-301F-11D3-BF4B-00C04F79EFBC}") = "Gilbarco_PumaLAN", "GasolutionsGilbarco_PumaLAN\Gilbarco_PumaLAN.csproj", "{80B3BEC8-8772-45A2-9A9D-4154A5FCB7F0}"
EndProject
Global
	GlobalSection(SolutionConfigurationPlatforms) = preSolution
		Debug|Any CPU = Debug|Any CPU
		Debug|Mixed Platforms = Debug|Mixed Platforms
		Debug|x86 = Debug|x86
		Release|Any CPU = Release|Any CPU
		Release|Mixed Platforms = Release|Mixed Platforms
		Release|x86 = Release|x86
	EndGlobalSection
	GlobalSection(ProjectConfigurationPlatforms) = postSolution
		{D62B0B1C-146A-467F-AD6C-0473D7D369DE}.Debug|Any CPU.ActiveCfg = Debug|Any CPU
		{D62B0B1C-146A-467F-AD6C-0473D7D369DE}.Debug|Any CPU.Build.0 = Debug|Any CPU
		{D62B0B1C-146A-467F-AD6C-0473D7D369DE}.Debug|Mixed Platforms.ActiveCfg = Debug|x86
		{D62B0B1C-146A-467F-AD6C-0473D7D369DE}.Debug|Mixed Platforms.Build.0 = Debug|x86
		{D62B0B1C-146A-467F-AD6C-0473D7D369DE}.Debug|x86.ActiveCfg = Debug|x86
		{D62B0B1C-146A-467F-AD6C-0473D7D369DE}.Debug|x86.Build.0 = Debug|x86
		{D62B0B1C-146A-467F-AD6C-0473D7D369DE}.Release|Any CPU.ActiveCfg = Release|Any CPU
		{D62B0B1C-146A-467F-AD6C-0473D7D369DE}.Release|Any CPU.Build.0 = Release|Any CPU
		{D62B0B1C-146A-467F-AD6C-0473D7D369DE}.Release|Mixed Platforms.ActiveCfg = Release|x86
		{D62B0B1C-146A-467F-AD6C-0473D7D369DE}.Release|Mixed Platforms.Build.0 = Release|x86
		{D62B0B1C-146A-467F-AD6C-0473D7D369DE}.Release|x86.ActiveCfg = Release|x86
		{D62B0B1C-146A-467F-AD6C-0473D7D369DE}.Release|x86.Build.0 = Release|x86
		{1309D69A-B19A-4724-A63B-052451838086}.Debug|Any CPU.ActiveCfg = Debug|Any CPU
		{1309D69A-B19A-4724-A63B-052451838086}.Debug|Any CPU.Build.0 = Debug|Any CPU
		{1309D69A-B19A-4724-A63B-052451838086}.Debug|Mixed Platforms.ActiveCfg = Debug|x86
		{1309D69A-B19A-4724-A63B-052451838086}.Debug|Mixed Platforms.Build.0 = Debug|x86
		{1309D69A-B19A-4724-A63B-052451838086}.Debug|x86.ActiveCfg = Debug|x86
		{1309D69A-B19A-4724-A63B-052451838086}.Debug|x86.Build.0 = Debug|x86
		{1309D69A-B19A-4724-A63B-052451838086}.Release|Any CPU.ActiveCfg = Release|Any CPU
		{1309D69A-B19A-4724-A63B-052451838086}.Release|Any CPU.Build.0 = Release|Any CPU
		{1309D69A-B19A-4724-A63B-052451838086}.Release|Mixed Platforms.ActiveCfg = Release|x86
		{1309D69A-B19A-4724-A63B-052451838086}.Release|Mixed Platforms.Build.0 = Release|x86
		{1309D69A-B19A-4724-A63B-052451838086}.Release|x86.ActiveCfg = Release|x86
		{1309D69A-B19A-4724-A63B-052451838086}.Release|x86.Build.0 = Release|x86
		{B9DC7C06-0048-4ABD-A31C-5607718850C2}.Debug|Any CPU.ActiveCfg = Debug|Any CPU
		{B9DC7C06-0048-4ABD-A31C-5607718850C2}.Debug|Any CPU.Build.0 = Debug|Any CPU
		{B9DC7C06-0048-4ABD-A31C-5607718850C2}.Debug|Mixed Platforms.ActiveCfg = Debug|x86
		{B9DC7C06-0048-4ABD-A31C-5607718850C2}.Debug|Mixed Platforms.Build.0 = Debug|x86
		{B9DC7C06-0048-4ABD-A31C-5607718850C2}.Debug|x86.ActiveCfg = Debug|x86
		{B9DC7C06-0048-4ABD-A31C-5607718850C2}.Debug|x86.Build.0 = Debug|x86
		{B9DC7C06-0048-4ABD-A31C-5607718850C2}.Release|Any CPU.ActiveCfg = Release|Any CPU
		{B9DC7C06-0048-4ABD-A31C-5607718850C2}.Release|Any CPU.Build.0 = Release|Any CPU
		{B9DC7C06-0048-4ABD-A31C-5607718850C2}.Release|Mixed Platforms.ActiveCfg = Release|x86
		{B9DC7C06-0048-4ABD-A31C-5607718850C2}.Release|Mixed Platforms.Build.0 = Release|x86
		{B9DC7C06-0048-4ABD-A31C-5607718850C2}.Release|x86.ActiveCfg = Release|x86
		{B9DC7C06-0048-4ABD-A31C-5607718850C2}.Release|x86.Build.0 = Release|x86
		{5548F122-9539-4684-9399-17FFF29F0E39}.Debug|Any CPU.ActiveCfg = Debug|Any CPU
		{5548F122-9539-4684-9399-17FFF29F0E39}.Debug|Any CPU.Build.0 = Debug|Any CPU
		{5548F122-9539-4684-9399-17FFF29F0E39}.Debug|Mixed Platforms.ActiveCfg = Debug|x86
		{5548F122-9539-4684-9399-17FFF29F0E39}.Debug|Mixed Platforms.Build.0 = Debug|x86
		{5548F122-9539-4684-9399-17FFF29F0E39}.Debug|x86.ActiveCfg = Debug|x86
		{5548F122-9539-4684-9399-17FFF29F0E39}.Debug|x86.Build.0 = Debug|x86
		{5548F122-9539-4684-9399-17FFF29F0E39}.Release|Any CPU.ActiveCfg = Release|Any CPU
		{5548F122-9539-4684-9399-17FFF29F0E39}.Release|Any CPU.Build.0 = Release|Any CPU
		{5548F122-9539-4684-9399-17FFF29F0E39}.Release|Mixed Platforms.ActiveCfg = Release|x86
		{5548F122-9539-4684-9399-17FFF29F0E39}.Release|Mixed Platforms.Build.0 = Release|x86
		{5548F122-9539-4684-9399-17FFF29F0E39}.Release|x86.ActiveCfg = Release|x86
		{5548F122-9539-4684-9399-17FFF29F0E39}.Release|x86.Build.0 = Release|x86
		{DDDB0451-5CD3-4E4C-AD25-5ADF3592B499}.Debug|Any CPU.ActiveCfg = Debug|Any CPU
		{DDDB0451-5CD3-4E4C-AD25-5ADF3592B499}.Debug|Any CPU.Build.0 = Debug|Any CPU
		{DDDB0451-5CD3-4E4C-AD25-5ADF3592B499}.Debug|Mixed Platforms.ActiveCfg = Debug|x86
		{DDDB0451-5CD3-4E4C-AD25-5ADF3592B499}.Debug|Mixed Platforms.Build.0 = Debug|x86
		{DDDB0451-5CD3-4E4C-AD25-5ADF3592B499}.Debug|x86.ActiveCfg = Debug|x86
		{DDDB0451-5CD3-4E4C-AD25-5ADF3592B499}.Debug|x86.Build.0 = Debug|x86
		{DDDB0451-5CD3-4E4C-AD25-5ADF3592B499}.Release|Any CPU.ActiveCfg = Release|Any CPU
		{DDDB0451-5CD3-4E4C-AD25-5ADF3592B499}.Release|Any CPU.Build.0 = Release|Any CPU
		{DDDB0451-5CD3-4E4C-AD25-5ADF3592B499}.Release|Mixed Platforms.ActiveCfg = Release|x86
		{DDDB0451-5CD3-4E4C-AD25-5ADF3592B499}.Release|Mixed Platforms.Build.0 = Release|x86
		{DDDB0451-5CD3-4E4C-AD25-5ADF3592B499}.Release|x86.ActiveCfg = Release|x86
		{DDDB0451-5CD3-4E4C-AD25-5ADF3592B499}.Release|x86.Build.0 = Release|x86
		{68300427-4A4A-41E7-BEE4-C5D2AA5CF8DA}.Debug|Any CPU.ActiveCfg = Debug|Any CPU
		{68300427-4A4A-41E7-BEE4-C5D2AA5CF8DA}.Debug|Any CPU.Build.0 = Debug|Any CPU
		{68300427-4A4A-41E7-BEE4-C5D2AA5CF8DA}.Debug|Mixed Platforms.ActiveCfg = Debug|x86
		{68300427-4A4A-41E7-BEE4-C5D2AA5CF8DA}.Debug|Mixed Platforms.Build.0 = Debug|x86
		{68300427-4A4A-41E7-BEE4-C5D2AA5CF8DA}.Debug|x86.ActiveCfg = Debug|x86
		{68300427-4A4A-41E7-BEE4-C5D2AA5CF8DA}.Debug|x86.Build.0 = Debug|x86
		{68300427-4A4A-41E7-BEE4-C5D2AA5CF8DA}.Release|Any CPU.ActiveCfg = Release|Any CPU
		{68300427-4A4A-41E7-BEE4-C5D2AA5CF8DA}.Release|Any CPU.Build.0 = Release|Any CPU
		{68300427-4A4A-41E7-BEE4-C5D2AA5CF8DA}.Release|Mixed Platforms.ActiveCfg = Release|x86
		{68300427-4A4A-41E7-BEE4-C5D2AA5CF8DA}.Release|Mixed Platforms.Build.0 = Release|x86
		{68300427-4A4A-41E7-BEE4-C5D2AA5CF8DA}.Release|x86.ActiveCfg = Release|x86
		{68300427-4A4A-41E7-BEE4-C5D2AA5CF8DA}.Release|x86.Build.0 = Release|x86
		{001BEF3C-26D3-4BB1-840E-0EF77F49A37C}.Debug|Any CPU.ActiveCfg = Debug|Any CPU
		{001BEF3C-26D3-4BB1-840E-0EF77F49A37C}.Debug|Any CPU.Build.0 = Debug|Any CPU
		{001BEF3C-26D3-4BB1-840E-0EF77F49A37C}.Debug|Mixed Platforms.ActiveCfg = Debug|x86
		{001BEF3C-26D3-4BB1-840E-0EF77F49A37C}.Debug|Mixed Platforms.Build.0 = Debug|x86
		{001BEF3C-26D3-4BB1-840E-0EF77F49A37C}.Debug|x86.ActiveCfg = Debug|x86
		{001BEF3C-26D3-4BB1-840E-0EF77F49A37C}.Debug|x86.Build.0 = Debug|x86
		{001BEF3C-26D3-4BB1-840E-0EF77F49A37C}.Release|Any CPU.ActiveCfg = Release|Any CPU
		{001BEF3C-26D3-4BB1-840E-0EF77F49A37C}.Release|Any CPU.Build.0 = Release|Any CPU
		{001BEF3C-26D3-4BB1-840E-0EF77F49A37C}.Release|Mixed Platforms.ActiveCfg = Release|x86
		{001BEF3C-26D3-4BB1-840E-0EF77F49A37C}.Release|Mixed Platforms.Build.0 = Release|x86
		{001BEF3C-26D3-4BB1-840E-0EF77F49A37C}.Release|x86.ActiveCfg = Release|x86
		{001BEF3C-26D3-4BB1-840E-0EF77F49A37C}.Release|x86.Build.0 = Release|x86
		{4461D6EF-A284-442A-97B3-7B962F194882}.Debug|Any CPU.ActiveCfg = Debug|Any CPU
		{4461D6EF-A284-442A-97B3-7B962F194882}.Debug|Any CPU.Build.0 = Debug|Any CPU
		{4461D6EF-A284-442A-97B3-7B962F194882}.Debug|Mixed Platforms.ActiveCfg = Debug|x86
		{4461D6EF-A284-442A-97B3-7B962F194882}.Debug|Mixed Platforms.Build.0 = Debug|x86
		{4461D6EF-A284-442A-97B3-7B962F194882}.Debug|x86.ActiveCfg = Debug|x86
		{4461D6EF-A284-442A-97B3-7B962F194882}.Debug|x86.Build.0 = Debug|x86
		{4461D6EF-A284-442A-97B3-7B962F194882}.Release|Any CPU.ActiveCfg = Release|Any CPU
		{4461D6EF-A284-442A-97B3-7B962F194882}.Release|Any CPU.Build.0 = Release|Any CPU
		{4461D6EF-A284-442A-97B3-7B962F194882}.Release|Mixed Platforms.ActiveCfg = Release|x86
		{4461D6EF-A284-442A-97B3-7B962F194882}.Release|Mixed Platforms.Build.0 = Release|x86
		{4461D6EF-A284-442A-97B3-7B962F194882}.Release|x86.ActiveCfg = Release|x86
		{4461D6EF-A284-442A-97B3-7B962F194882}.Release|x86.Build.0 = Release|x86
		{A3EE153B-5198-4107-9523-040505F8B73B}.Debug|Any CPU.ActiveCfg = Debug|Any CPU
		{A3EE153B-5198-4107-9523-040505F8B73B}.Debug|Any CPU.Build.0 = Debug|Any CPU
		{A3EE153B-5198-4107-9523-040505F8B73B}.Debug|Mixed Platforms.ActiveCfg = Debug|x86
		{A3EE153B-5198-4107-9523-040505F8B73B}.Debug|Mixed Platforms.Build.0 = Debug|x86
		{A3EE153B-5198-4107-9523-040505F8B73B}.Debug|x86.ActiveCfg = Debug|x86
		{A3EE153B-5198-4107-9523-040505F8B73B}.Debug|x86.Build.0 = Debug|x86
		{A3EE153B-5198-4107-9523-040505F8B73B}.Release|Any CPU.ActiveCfg = Release|Any CPU
		{A3EE153B-5198-4107-9523-040505F8B73B}.Release|Any CPU.Build.0 = Release|Any CPU
		{A3EE153B-5198-4107-9523-040505F8B73B}.Release|Mixed Platforms.ActiveCfg = Release|x86
		{A3EE153B-5198-4107-9523-040505F8B73B}.Release|Mixed Platforms.Build.0 = Release|x86
		{A3EE153B-5198-4107-9523-040505F8B73B}.Release|x86.ActiveCfg = Release|x86
		{A3EE153B-5198-4107-9523-040505F8B73B}.Release|x86.Build.0 = Release|x86
		{B8506E5D-1EB8-4C3C-9A74-1D5846EF58A7}.Debug|Any CPU.ActiveCfg = Debug|Any CPU
		{B8506E5D-1EB8-4C3C-9A74-1D5846EF58A7}.Debug|Any CPU.Build.0 = Debug|Any CPU
		{B8506E5D-1EB8-4C3C-9A74-1D5846EF58A7}.Debug|Mixed Platforms.ActiveCfg = Debug|x86
		{B8506E5D-1EB8-4C3C-9A74-1D5846EF58A7}.Debug|Mixed Platforms.Build.0 = Debug|x86
		{B8506E5D-1EB8-4C3C-9A74-1D5846EF58A7}.Debug|x86.ActiveCfg = Debug|x86
		{B8506E5D-1EB8-4C3C-9A74-1D5846EF58A7}.Debug|x86.Build.0 = Debug|x86
		{B8506E5D-1EB8-4C3C-9A74-1D5846EF58A7}.Release|Any CPU.ActiveCfg = Release|Any CPU
		{B8506E5D-1EB8-4C3C-9A74-1D5846EF58A7}.Release|Any CPU.Build.0 = Release|Any CPU
		{B8506E5D-1EB8-4C3C-9A74-1D5846EF58A7}.Release|Mixed Platforms.ActiveCfg = Release|x86
		{B8506E5D-1EB8-4C3C-9A74-1D5846EF58A7}.Release|Mixed Platforms.Build.0 = Release|x86
		{B8506E5D-1EB8-4C3C-9A74-1D5846EF58A7}.Release|x86.ActiveCfg = Release|x86
		{B8506E5D-1EB8-4C3C-9A74-1D5846EF58A7}.Release|x86.Build.0 = Release|x86
		{E2E47DD5-07EE-4068-90B0-F86DD36ACB37}.Debug|Any CPU.ActiveCfg = Debug|Any CPU
		{E2E47DD5-07EE-4068-90B0-F86DD36ACB37}.Debug|Any CPU.Build.0 = Debug|Any CPU
		{E2E47DD5-07EE-4068-90B0-F86DD36ACB37}.Debug|Mixed Platforms.ActiveCfg = Debug|x86
		{E2E47DD5-07EE-4068-90B0-F86DD36ACB37}.Debug|Mixed Platforms.Build.0 = Debug|x86
		{E2E47DD5-07EE-4068-90B0-F86DD36ACB37}.Debug|x86.ActiveCfg = Debug|x86
		{E2E47DD5-07EE-4068-90B0-F86DD36ACB37}.Debug|x86.Build.0 = Debug|x86
		{E2E47DD5-07EE-4068-90B0-F86DD36ACB37}.Release|Any CPU.ActiveCfg = Release|Any CPU
		{E2E47DD5-07EE-4068-90B0-F86DD36ACB37}.Release|Any CPU.Build.0 = Release|Any CPU
		{E2E47DD5-07EE-4068-90B0-F86DD36ACB37}.Release|Mixed Platforms.ActiveCfg = Release|x86
		{E2E47DD5-07EE-4068-90B0-F86DD36ACB37}.Release|Mixed Platforms.Build.0 = Release|x86
		{E2E47DD5-07EE-4068-90B0-F86DD36ACB37}.Release|x86.ActiveCfg = Release|x86
		{E2E47DD5-07EE-4068-90B0-F86DD36ACB37}.Release|x86.Build.0 = Release|x86
		{5D046E2F-636F-4DBB-B058-6309DE2BF6FA}.Debug|Any CPU.ActiveCfg = Debug|Any CPU
		{5D046E2F-636F-4DBB-B058-6309DE2BF6FA}.Debug|Any CPU.Build.0 = Debug|Any CPU
		{5D046E2F-636F-4DBB-B058-6309DE2BF6FA}.Debug|Mixed Platforms.ActiveCfg = Debug|x86
		{5D046E2F-636F-4DBB-B058-6309DE2BF6FA}.Debug|x86.ActiveCfg = Debug|x86
		{5D046E2F-636F-4DBB-B058-6309DE2BF6FA}.Debug|x86.Build.0 = Debug|x86
		{5D046E2F-636F-4DBB-B058-6309DE2BF6FA}.Release|Any CPU.ActiveCfg = Release|Any CPU
		{5D046E2F-636F-4DBB-B058-6309DE2BF6FA}.Release|Any CPU.Build.0 = Release|Any CPU
		{5D046E2F-636F-4DBB-B058-6309DE2BF6FA}.Release|Mixed Platforms.ActiveCfg = Release|x86
		{5D046E2F-636F-4DBB-B058-6309DE2BF6FA}.Release|x86.ActiveCfg = Release|x86
		{5D046E2F-636F-4DBB-B058-6309DE2BF6FA}.Release|x86.Build.0 = Release|x86
		{A590BBE3-B3D5-4447-A9E2-A68259F1615C}.Debug|Any CPU.ActiveCfg = Debug|Any CPU
		{A590BBE3-B3D5-4447-A9E2-A68259F1615C}.Debug|Any CPU.Build.0 = Debug|Any CPU
		{A590BBE3-B3D5-4447-A9E2-A68259F1615C}.Debug|Mixed Platforms.ActiveCfg = Debug|x86
		{A590BBE3-B3D5-4447-A9E2-A68259F1615C}.Debug|x86.ActiveCfg = Debug|x86
		{A590BBE3-B3D5-4447-A9E2-A68259F1615C}.Debug|x86.Build.0 = Debug|x86
		{A590BBE3-B3D5-4447-A9E2-A68259F1615C}.Release|Any CPU.ActiveCfg = Release|Any CPU
		{A590BBE3-B3D5-4447-A9E2-A68259F1615C}.Release|Any CPU.Build.0 = Release|Any CPU
		{A590BBE3-B3D5-4447-A9E2-A68259F1615C}.Release|Mixed Platforms.ActiveCfg = Release|x86
		{A590BBE3-B3D5-4447-A9E2-A68259F1615C}.Release|x86.ActiveCfg = Release|x86
		{A590BBE3-B3D5-4447-A9E2-A68259F1615C}.Release|x86.Build.0 = Release|x86
		{AE0CB403-78B1-4729-B597-D65DC0B97C90}.Debug|Any CPU.ActiveCfg = Debug|Any CPU
		{AE0CB403-78B1-4729-B597-D65DC0B97C90}.Debug|Any CPU.Build.0 = Debug|Any CPU
		{AE0CB403-78B1-4729-B597-D65DC0B97C90}.Debug|Mixed Platforms.ActiveCfg = Debug|x86
		{AE0CB403-78B1-4729-B597-D65DC0B97C90}.Debug|Mixed Platforms.Build.0 = Debug|x86
		{AE0CB403-78B1-4729-B597-D65DC0B97C90}.Debug|x86.ActiveCfg = Debug|x86
		{AE0CB403-78B1-4729-B597-D65DC0B97C90}.Debug|x86.Build.0 = Debug|x86
		{AE0CB403-78B1-4729-B597-D65DC0B97C90}.Release|Any CPU.ActiveCfg = Release|Any CPU
		{AE0CB403-78B1-4729-B597-D65DC0B97C90}.Release|Any CPU.Build.0 = Release|Any CPU
		{AE0CB403-78B1-4729-B597-D65DC0B97C90}.Release|Mixed Platforms.ActiveCfg = Release|x86
		{AE0CB403-78B1-4729-B597-D65DC0B97C90}.Release|Mixed Platforms.Build.0 = Release|x86
		{AE0CB403-78B1-4729-B597-D65DC0B97C90}.Release|x86.ActiveCfg = Release|x86
		{AE0CB403-78B1-4729-B597-D65DC0B97C90}.Release|x86.Build.0 = Release|x86
		{0D15646B-97AB-4F5D-BA12-ED5827FC82DD}.Debug|Any CPU.ActiveCfg = Debug|Any CPU
		{0D15646B-97AB-4F5D-BA12-ED5827FC82DD}.Debug|Any CPU.Build.0 = Debug|Any CPU
		{0D15646B-97AB-4F5D-BA12-ED5827FC82DD}.Debug|Mixed Platforms.ActiveCfg = Debug|Any CPU
		{0D15646B-97AB-4F5D-BA12-ED5827FC82DD}.Debug|Mixed Platforms.Build.0 = Debug|Any CPU
		{0D15646B-97AB-4F5D-BA12-ED5827FC82DD}.Debug|x86.ActiveCfg = Debug|x86
		{0D15646B-97AB-4F5D-BA12-ED5827FC82DD}.Debug|x86.Build.0 = Debug|x86
		{0D15646B-97AB-4F5D-BA12-ED5827FC82DD}.Release|Any CPU.ActiveCfg = Release|Any CPU
		{0D15646B-97AB-4F5D-BA12-ED5827FC82DD}.Release|Any CPU.Build.0 = Release|Any CPU
		{0D15646B-97AB-4F5D-BA12-ED5827FC82DD}.Release|Mixed Platforms.ActiveCfg = Release|x86
		{0D15646B-97AB-4F5D-BA12-ED5827FC82DD}.Release|Mixed Platforms.Build.0 = Release|x86
		{0D15646B-97AB-4F5D-BA12-ED5827FC82DD}.Release|x86.ActiveCfg = Release|x86
		{0D15646B-97AB-4F5D-BA12-ED5827FC82DD}.Release|x86.Build.0 = Release|x86
		{6B4A0EC6-1BAC-4799-AA3A-1D36CEE777C5}.Debug|Any CPU.ActiveCfg = Debug|Any CPU
		{6B4A0EC6-1BAC-4799-AA3A-1D36CEE777C5}.Debug|Any CPU.Build.0 = Debug|Any CPU
		{6B4A0EC6-1BAC-4799-AA3A-1D36CEE777C5}.Debug|Mixed Platforms.ActiveCfg = Debug|x86
		{6B4A0EC6-1BAC-4799-AA3A-1D36CEE777C5}.Debug|Mixed Platforms.Build.0 = Debug|x86
		{6B4A0EC6-1BAC-4799-AA3A-1D36CEE777C5}.Debug|x86.ActiveCfg = Debug|x86
		{6B4A0EC6-1BAC-4799-AA3A-1D36CEE777C5}.Debug|x86.Build.0 = Debug|x86
		{6B4A0EC6-1BAC-4799-AA3A-1D36CEE777C5}.Release|Any CPU.ActiveCfg = Release|Any CPU
		{6B4A0EC6-1BAC-4799-AA3A-1D36CEE777C5}.Release|Any CPU.Build.0 = Release|Any CPU
		{6B4A0EC6-1BAC-4799-AA3A-1D36CEE777C5}.Release|Mixed Platforms.ActiveCfg = Release|x86
		{6B4A0EC6-1BAC-4799-AA3A-1D36CEE777C5}.Release|Mixed Platforms.Build.0 = Release|x86
		{6B4A0EC6-1BAC-4799-AA3A-1D36CEE777C5}.Release|x86.ActiveCfg = Release|x86
		{6B4A0EC6-1BAC-4799-AA3A-1D36CEE777C5}.Release|x86.Build.0 = Release|x86
		{99DA9B51-ADE3-4155-85CE-D598E6432965}.Debug|Any CPU.ActiveCfg = Debug|Any CPU
		{99DA9B51-ADE3-4155-85CE-D598E6432965}.Debug|Any CPU.Build.0 = Debug|Any CPU
		{99DA9B51-ADE3-4155-85CE-D598E6432965}.Debug|Mixed Platforms.ActiveCfg = Debug|x86
		{99DA9B51-ADE3-4155-85CE-D598E6432965}.Debug|Mixed Platforms.Build.0 = Debug|x86
		{99DA9B51-ADE3-4155-85CE-D598E6432965}.Debug|x86.ActiveCfg = Debug|x86
		{99DA9B51-ADE3-4155-85CE-D598E6432965}.Debug|x86.Build.0 = Debug|x86
		{99DA9B51-ADE3-4155-85CE-D598E6432965}.Release|Any CPU.ActiveCfg = Release|Any CPU
		{99DA9B51-ADE3-4155-85CE-D598E6432965}.Release|Any CPU.Build.0 = Release|Any CPU
		{99DA9B51-ADE3-4155-85CE-D598E6432965}.Release|Mixed Platforms.ActiveCfg = Release|x86
		{99DA9B51-ADE3-4155-85CE-D598E6432965}.Release|Mixed Platforms.Build.0 = Release|x86
		{99DA9B51-ADE3-4155-85CE-D598E6432965}.Release|x86.ActiveCfg = Release|x86
		{99DA9B51-ADE3-4155-85CE-D598E6432965}.Release|x86.Build.0 = Release|x86
		{42E905FD-4E69-4869-9CE9-02731C0B7810}.Debug|Any CPU.ActiveCfg = Debug|Any CPU
		{42E905FD-4E69-4869-9CE9-02731C0B7810}.Debug|Any CPU.Build.0 = Debug|Any CPU
		{42E905FD-4E69-4869-9CE9-02731C0B7810}.Debug|Mixed Platforms.ActiveCfg = Debug|x86
		{42E905FD-4E69-4869-9CE9-02731C0B7810}.Debug|Mixed Platforms.Build.0 = Debug|x86
		{42E905FD-4E69-4869-9CE9-02731C0B7810}.Debug|x86.ActiveCfg = Debug|x86
		{42E905FD-4E69-4869-9CE9-02731C0B7810}.Debug|x86.Build.0 = Debug|x86
		{42E905FD-4E69-4869-9CE9-02731C0B7810}.Release|Any CPU.ActiveCfg = Release|Any CPU
		{42E905FD-4E69-4869-9CE9-02731C0B7810}.Release|Any CPU.Build.0 = Release|Any CPU
		{42E905FD-4E69-4869-9CE9-02731C0B7810}.Release|Mixed Platforms.ActiveCfg = Release|x86
		{42E905FD-4E69-4869-9CE9-02731C0B7810}.Release|Mixed Platforms.Build.0 = Release|x86
		{42E905FD-4E69-4869-9CE9-02731C0B7810}.Release|x86.ActiveCfg = Release|x86
		{42E905FD-4E69-4869-9CE9-02731C0B7810}.Release|x86.Build.0 = Release|x86
		{D1F91F34-A609-492C-9E6E-382BEB9380DC}.Debug|Any CPU.ActiveCfg = Debug|Any CPU
		{D1F91F34-A609-492C-9E6E-382BEB9380DC}.Debug|Any CPU.Build.0 = Debug|Any CPU
		{D1F91F34-A609-492C-9E6E-382BEB9380DC}.Debug|Mixed Platforms.ActiveCfg = Debug|x86
		{D1F91F34-A609-492C-9E6E-382BEB9380DC}.Debug|Mixed Platforms.Build.0 = Debug|x86
		{D1F91F34-A609-492C-9E6E-382BEB9380DC}.Debug|x86.ActiveCfg = Debug|x86
		{D1F91F34-A609-492C-9E6E-382BEB9380DC}.Debug|x86.Build.0 = Debug|x86
		{D1F91F34-A609-492C-9E6E-382BEB9380DC}.Release|Any CPU.ActiveCfg = Release|Any CPU
		{D1F91F34-A609-492C-9E6E-382BEB9380DC}.Release|Any CPU.Build.0 = Release|Any CPU
		{D1F91F34-A609-492C-9E6E-382BEB9380DC}.Release|Mixed Platforms.ActiveCfg = Release|x86
		{D1F91F34-A609-492C-9E6E-382BEB9380DC}.Release|Mixed Platforms.Build.0 = Release|x86
		{D1F91F34-A609-492C-9E6E-382BEB9380DC}.Release|x86.ActiveCfg = Release|x86
		{D1F91F34-A609-492C-9E6E-382BEB9380DC}.Release|x86.Build.0 = Release|x86
		{1438FE0A-A6F5-466D-8812-D050E18C542F}.Debug|Any CPU.ActiveCfg = Debug|Any CPU
		{1438FE0A-A6F5-466D-8812-D050E18C542F}.Debug|Any CPU.Build.0 = Debug|Any CPU
		{1438FE0A-A6F5-466D-8812-D050E18C542F}.Debug|Mixed Platforms.ActiveCfg = Debug|x86
		{1438FE0A-A6F5-466D-8812-D050E18C542F}.Debug|Mixed Platforms.Build.0 = Debug|x86
		{1438FE0A-A6F5-466D-8812-D050E18C542F}.Debug|x86.ActiveCfg = Debug|x86
		{1438FE0A-A6F5-466D-8812-D050E18C542F}.Debug|x86.Build.0 = Debug|x86
		{1438FE0A-A6F5-466D-8812-D050E18C542F}.Release|Any CPU.ActiveCfg = Release|Any CPU
		{1438FE0A-A6F5-466D-8812-D050E18C542F}.Release|Any CPU.Build.0 = Release|Any CPU
		{1438FE0A-A6F5-466D-8812-D050E18C542F}.Release|Mixed Platforms.ActiveCfg = Release|x86
		{1438FE0A-A6F5-466D-8812-D050E18C542F}.Release|Mixed Platforms.Build.0 = Release|x86
		{1438FE0A-A6F5-466D-8812-D050E18C542F}.Release|x86.ActiveCfg = Release|x86
		{1438FE0A-A6F5-466D-8812-D050E18C542F}.Release|x86.Build.0 = Release|x86
		{8BA17C52-3F59-4B1C-A126-9E04B65E53FD}.Debug|Any CPU.ActiveCfg = Debug|Any CPU
		{8BA17C52-3F59-4B1C-A126-9E04B65E53FD}.Debug|Any CPU.Build.0 = Debug|Any CPU
		{8BA17C52-3F59-4B1C-A126-9E04B65E53FD}.Debug|Mixed Platforms.ActiveCfg = Debug|x86
		{8BA17C52-3F59-4B1C-A126-9E04B65E53FD}.Debug|Mixed Platforms.Build.0 = Debug|x86
		{8BA17C52-3F59-4B1C-A126-9E04B65E53FD}.Debug|x86.ActiveCfg = Debug|x86
		{8BA17C52-3F59-4B1C-A126-9E04B65E53FD}.Debug|x86.Build.0 = Debug|x86
		{8BA17C52-3F59-4B1C-A126-9E04B65E53FD}.Release|Any CPU.ActiveCfg = Release|Any CPU
		{8BA17C52-3F59-4B1C-A126-9E04B65E53FD}.Release|Any CPU.Build.0 = Release|Any CPU
		{8BA17C52-3F59-4B1C-A126-9E04B65E53FD}.Release|Mixed Platforms.ActiveCfg = Release|x86
		{8BA17C52-3F59-4B1C-A126-9E04B65E53FD}.Release|Mixed Platforms.Build.0 = Release|x86
		{8BA17C52-3F59-4B1C-A126-9E04B65E53FD}.Release|x86.ActiveCfg = Release|x86
		{8BA17C52-3F59-4B1C-A126-9E04B65E53FD}.Release|x86.Build.0 = Release|x86
		{54314913-CABE-4106-9C64-8F7B2A54C632}.Debug|Any CPU.ActiveCfg = Debug|Any CPU
		{54314913-CABE-4106-9C64-8F7B2A54C632}.Debug|Any CPU.Build.0 = Debug|Any CPU
		{54314913-CABE-4106-9C64-8F7B2A54C632}.Debug|Mixed Platforms.ActiveCfg = Debug|x86
		{54314913-CABE-4106-9C64-8F7B2A54C632}.Debug|Mixed Platforms.Build.0 = Debug|x86
		{54314913-CABE-4106-9C64-8F7B2A54C632}.Debug|x86.ActiveCfg = Debug|x86
		{54314913-CABE-4106-9C64-8F7B2A54C632}.Debug|x86.Build.0 = Debug|x86
		{54314913-CABE-4106-9C64-8F7B2A54C632}.Release|Any CPU.ActiveCfg = Release|Any CPU
		{54314913-CABE-4106-9C64-8F7B2A54C632}.Release|Any CPU.Build.0 = Release|Any CPU
		{54314913-CABE-4106-9C64-8F7B2A54C632}.Release|Mixed Platforms.ActiveCfg = Release|x86
		{54314913-CABE-4106-9C64-8F7B2A54C632}.Release|Mixed Platforms.Build.0 = Release|x86
		{54314913-CABE-4106-9C64-8F7B2A54C632}.Release|x86.ActiveCfg = Release|x86
		{54314913-CABE-4106-9C64-8F7B2A54C632}.Release|x86.Build.0 = Release|x86
		{C9281AA3-5997-4E64-B342-1D38FD0897AC}.Debug|Any CPU.ActiveCfg = Debug|Any CPU
		{C9281AA3-5997-4E64-B342-1D38FD0897AC}.Debug|Any CPU.Build.0 = Debug|Any CPU
		{C9281AA3-5997-4E64-B342-1D38FD0897AC}.Debug|Mixed Platforms.ActiveCfg = Debug|Any CPU
		{C9281AA3-5997-4E64-B342-1D38FD0897AC}.Debug|Mixed Platforms.Build.0 = Debug|Any CPU
		{C9281AA3-5997-4E64-B342-1D38FD0897AC}.Debug|x86.ActiveCfg = Debug|Any CPU
		{C9281AA3-5997-4E64-B342-1D38FD0897AC}.Release|Any CPU.ActiveCfg = Release|Any CPU
		{C9281AA3-5997-4E64-B342-1D38FD0897AC}.Release|Any CPU.Build.0 = Release|Any CPU
		{C9281AA3-5997-4E64-B342-1D38FD0897AC}.Release|Mixed Platforms.ActiveCfg = Release|Any CPU
		{C9281AA3-5997-4E64-B342-1D38FD0897AC}.Release|Mixed Platforms.Build.0 = Release|Any CPU
		{C9281AA3-5997-4E64-B342-1D38FD0897AC}.Release|x86.ActiveCfg = Release|x86
		{C9281AA3-5997-4E64-B342-1D38FD0897AC}.Release|x86.Build.0 = Release|x86
		{3D50563C-0A38-4F0C-A23A-B9EF9DD02D09}.Debug|Any CPU.ActiveCfg = Debug|Any CPU
		{3D50563C-0A38-4F0C-A23A-B9EF9DD02D09}.Debug|Any CPU.Build.0 = Debug|Any CPU
		{3D50563C-0A38-4F0C-A23A-B9EF9DD02D09}.Debug|Mixed Platforms.ActiveCfg = Debug|x86
		{3D50563C-0A38-4F0C-A23A-B9EF9DD02D09}.Debug|Mixed Platforms.Build.0 = Debug|x86
		{3D50563C-0A38-4F0C-A23A-B9EF9DD02D09}.Debug|x86.ActiveCfg = Debug|x86
		{3D50563C-0A38-4F0C-A23A-B9EF9DD02D09}.Debug|x86.Build.0 = Debug|x86
		{3D50563C-0A38-4F0C-A23A-B9EF9DD02D09}.Release|Any CPU.ActiveCfg = Release|Any CPU
		{3D50563C-0A38-4F0C-A23A-B9EF9DD02D09}.Release|Any CPU.Build.0 = Release|Any CPU
		{3D50563C-0A38-4F0C-A23A-B9EF9DD02D09}.Release|Mixed Platforms.ActiveCfg = Release|x86
		{3D50563C-0A38-4F0C-A23A-B9EF9DD02D09}.Release|Mixed Platforms.Build.0 = Release|x86
		{3D50563C-0A38-4F0C-A23A-B9EF9DD02D09}.Release|x86.ActiveCfg = Release|x86
		{3D50563C-0A38-4F0C-A23A-B9EF9DD02D09}.Release|x86.Build.0 = Release|x86
		{EAB2E6EF-9ED9-484C-B145-9FE6D369CA48}.Debug|Any CPU.ActiveCfg = Debug|Any CPU
		{EAB2E6EF-9ED9-484C-B145-9FE6D369CA48}.Debug|Any CPU.Build.0 = Debug|Any CPU
		{EAB2E6EF-9ED9-484C-B145-9FE6D369CA48}.Debug|Mixed Platforms.ActiveCfg = Debug|x86
		{EAB2E6EF-9ED9-484C-B145-9FE6D369CA48}.Debug|Mixed Platforms.Build.0 = Debug|x86
		{EAB2E6EF-9ED9-484C-B145-9FE6D369CA48}.Debug|x86.ActiveCfg = Debug|x86
		{EAB2E6EF-9ED9-484C-B145-9FE6D369CA48}.Debug|x86.Build.0 = Debug|x86
		{EAB2E6EF-9ED9-484C-B145-9FE6D369CA48}.Release|Any CPU.ActiveCfg = Release|Any CPU
		{EAB2E6EF-9ED9-484C-B145-9FE6D369CA48}.Release|Any CPU.Build.0 = Release|Any CPU
		{EAB2E6EF-9ED9-484C-B145-9FE6D369CA48}.Release|Mixed Platforms.ActiveCfg = Release|x86
		{EAB2E6EF-9ED9-484C-B145-9FE6D369CA48}.Release|Mixed Platforms.Build.0 = Release|x86
		{EAB2E6EF-9ED9-484C-B145-9FE6D369CA48}.Release|x86.ActiveCfg = Release|x86
		{EAB2E6EF-9ED9-484C-B145-9FE6D369CA48}.Release|x86.Build.0 = Release|x86
		{8FF61032-13B3-47DE-AEB9-49DFD69DE897}.Debug|Any CPU.ActiveCfg = Debug|Any CPU
		{8FF61032-13B3-47DE-AEB9-49DFD69DE897}.Debug|Any CPU.Build.0 = Debug|Any CPU
		{8FF61032-13B3-47DE-AEB9-49DFD69DE897}.Debug|Mixed Platforms.ActiveCfg = Debug|x86
		{8FF61032-13B3-47DE-AEB9-49DFD69DE897}.Debug|Mixed Platforms.Build.0 = Debug|x86
		{8FF61032-13B3-47DE-AEB9-49DFD69DE897}.Debug|x86.ActiveCfg = Debug|x86
		{8FF61032-13B3-47DE-AEB9-49DFD69DE897}.Debug|x86.Build.0 = Debug|x86
		{8FF61032-13B3-47DE-AEB9-49DFD69DE897}.Release|Any CPU.ActiveCfg = Release|Any CPU
		{8FF61032-13B3-47DE-AEB9-49DFD69DE897}.Release|Any CPU.Build.0 = Release|Any CPU
		{8FF61032-13B3-47DE-AEB9-49DFD69DE897}.Release|Mixed Platforms.ActiveCfg = Release|x86
		{8FF61032-13B3-47DE-AEB9-49DFD69DE897}.Release|Mixed Platforms.Build.0 = Release|x86
		{8FF61032-13B3-47DE-AEB9-49DFD69DE897}.Release|x86.ActiveCfg = Release|x86
		{8FF61032-13B3-47DE-AEB9-49DFD69DE897}.Release|x86.Build.0 = Release|x86
		{084E40CE-BF7E-46C3-B209-7DA6D6B40E88}.Debug|Any CPU.ActiveCfg = Debug|Any CPU
		{084E40CE-BF7E-46C3-B209-7DA6D6B40E88}.Debug|Any CPU.Build.0 = Debug|Any CPU
		{084E40CE-BF7E-46C3-B209-7DA6D6B40E88}.Debug|Mixed Platforms.ActiveCfg = Debug|x86
		{084E40CE-BF7E-46C3-B209-7DA6D6B40E88}.Debug|Mixed Platforms.Build.0 = Debug|x86
		{084E40CE-BF7E-46C3-B209-7DA6D6B40E88}.Debug|x86.ActiveCfg = Debug|x86
		{084E40CE-BF7E-46C3-B209-7DA6D6B40E88}.Debug|x86.Build.0 = Debug|x86
		{084E40CE-BF7E-46C3-B209-7DA6D6B40E88}.Release|Any CPU.ActiveCfg = Release|Any CPU
		{084E40CE-BF7E-46C3-B209-7DA6D6B40E88}.Release|Any CPU.Build.0 = Release|Any CPU
		{084E40CE-BF7E-46C3-B209-7DA6D6B40E88}.Release|Mixed Platforms.ActiveCfg = Release|x86
		{084E40CE-BF7E-46C3-B209-7DA6D6B40E88}.Release|Mixed Platforms.Build.0 = Release|x86
		{084E40CE-BF7E-46C3-B209-7DA6D6B40E88}.Release|x86.ActiveCfg = Release|x86
		{084E40CE-BF7E-46C3-B209-7DA6D6B40E88}.Release|x86.Build.0 = Release|x86
		{BA5B950F-E32D-417D-81FB-B7D74C516782}.Debug|Any CPU.ActiveCfg = Debug|Any CPU
		{BA5B950F-E32D-417D-81FB-B7D74C516782}.Debug|Any CPU.Build.0 = Debug|Any CPU
		{BA5B950F-E32D-417D-81FB-B7D74C516782}.Debug|Mixed Platforms.ActiveCfg = Debug|x86
		{BA5B950F-E32D-417D-81FB-B7D74C516782}.Debug|Mixed Platforms.Build.0 = Debug|x86
		{BA5B950F-E32D-417D-81FB-B7D74C516782}.Debug|x86.ActiveCfg = Debug|x86
		{BA5B950F-E32D-417D-81FB-B7D74C516782}.Debug|x86.Build.0 = Debug|x86
		{BA5B950F-E32D-417D-81FB-B7D74C516782}.Release|Any CPU.ActiveCfg = Release|Any CPU
		{BA5B950F-E32D-417D-81FB-B7D74C516782}.Release|Any CPU.Build.0 = Release|Any CPU
		{BA5B950F-E32D-417D-81FB-B7D74C516782}.Release|Mixed Platforms.ActiveCfg = Release|x86
		{BA5B950F-E32D-417D-81FB-B7D74C516782}.Release|Mixed Platforms.Build.0 = Release|x86
		{BA5B950F-E32D-417D-81FB-B7D74C516782}.Release|x86.ActiveCfg = Release|x86
		{BA5B950F-E32D-417D-81FB-B7D74C516782}.Release|x86.Build.0 = Release|x86
		{A5C7FF85-DBB8-48F0-82F4-F1A992B991B7}.Debug|Any CPU.ActiveCfg = Debug|Any CPU
		{A5C7FF85-DBB8-48F0-82F4-F1A992B991B7}.Debug|Any CPU.Build.0 = Debug|Any CPU
		{A5C7FF85-DBB8-48F0-82F4-F1A992B991B7}.Debug|Mixed Platforms.ActiveCfg = Debug|x86
		{A5C7FF85-DBB8-48F0-82F4-F1A992B991B7}.Debug|Mixed Platforms.Build.0 = Debug|x86
		{A5C7FF85-DBB8-48F0-82F4-F1A992B991B7}.Debug|x86.ActiveCfg = Debug|x86
		{A5C7FF85-DBB8-48F0-82F4-F1A992B991B7}.Debug|x86.Build.0 = Debug|x86
		{A5C7FF85-DBB8-48F0-82F4-F1A992B991B7}.Release|Any CPU.ActiveCfg = Release|Any CPU
		{A5C7FF85-DBB8-48F0-82F4-F1A992B991B7}.Release|Any CPU.Build.0 = Release|Any CPU
		{A5C7FF85-DBB8-48F0-82F4-F1A992B991B7}.Release|Mixed Platforms.ActiveCfg = Release|x86
		{A5C7FF85-DBB8-48F0-82F4-F1A992B991B7}.Release|Mixed Platforms.Build.0 = Release|x86
		{A5C7FF85-DBB8-48F0-82F4-F1A992B991B7}.Release|x86.ActiveCfg = Release|x86
		{A5C7FF85-DBB8-48F0-82F4-F1A992B991B7}.Release|x86.Build.0 = Release|x86
		{9D3A413D-8A78-450F-8A9C-D3EFF9DDE576}.Debug|Any CPU.ActiveCfg = Debug|Any CPU
		{9D3A413D-8A78-450F-8A9C-D3EFF9DDE576}.Debug|Any CPU.Build.0 = Debug|Any CPU
		{9D3A413D-8A78-450F-8A9C-D3EFF9DDE576}.Debug|Mixed Platforms.ActiveCfg = Debug|x86
		{9D3A413D-8A78-450F-8A9C-D3EFF9DDE576}.Debug|Mixed Platforms.Build.0 = Debug|x86
		{9D3A413D-8A78-450F-8A9C-D3EFF9DDE576}.Debug|x86.ActiveCfg = Debug|x86
		{9D3A413D-8A78-450F-8A9C-D3EFF9DDE576}.Debug|x86.Build.0 = Debug|x86
		{9D3A413D-8A78-450F-8A9C-D3EFF9DDE576}.Release|Any CPU.ActiveCfg = Release|Any CPU
		{9D3A413D-8A78-450F-8A9C-D3EFF9DDE576}.Release|Any CPU.Build.0 = Release|Any CPU
		{9D3A413D-8A78-450F-8A9C-D3EFF9DDE576}.Release|Mixed Platforms.ActiveCfg = Release|x86
		{9D3A413D-8A78-450F-8A9C-D3EFF9DDE576}.Release|Mixed Platforms.Build.0 = Release|x86
		{9D3A413D-8A78-450F-8A9C-D3EFF9DDE576}.Release|x86.ActiveCfg = Release|x86
		{9D3A413D-8A78-450F-8A9C-D3EFF9DDE576}.Release|x86.Build.0 = Release|x86
		{475DF738-C6B2-4430-BE7A-B119A87588A9}.Debug|Any CPU.ActiveCfg = Debug|Any CPU
		{475DF738-C6B2-4430-BE7A-B119A87588A9}.Debug|Any CPU.Build.0 = Debug|Any CPU
		{475DF738-C6B2-4430-BE7A-B119A87588A9}.Debug|Mixed Platforms.ActiveCfg = Debug|x86
		{475DF738-C6B2-4430-BE7A-B119A87588A9}.Debug|Mixed Platforms.Build.0 = Debug|x86
		{475DF738-C6B2-4430-BE7A-B119A87588A9}.Debug|x86.ActiveCfg = Debug|x86
		{475DF738-C6B2-4430-BE7A-B119A87588A9}.Debug|x86.Build.0 = Debug|x86
		{475DF738-C6B2-4430-BE7A-B119A87588A9}.Release|Any CPU.ActiveCfg = Release|Any CPU
		{475DF738-C6B2-4430-BE7A-B119A87588A9}.Release|Any CPU.Build.0 = Release|Any CPU
		{475DF738-C6B2-4430-BE7A-B119A87588A9}.Release|Mixed Platforms.ActiveCfg = Release|x86
		{475DF738-C6B2-4430-BE7A-B119A87588A9}.Release|Mixed Platforms.Build.0 = Release|x86
		{475DF738-C6B2-4430-BE7A-B119A87588A9}.Release|x86.ActiveCfg = Release|x86
		{475DF738-C6B2-4430-BE7A-B119A87588A9}.Release|x86.Build.0 = Release|x86
		{0B6EF59E-EA13-44CE-8569-B8E07075CE5D}.Debug|Any CPU.ActiveCfg = Debug|Any CPU
		{0B6EF59E-EA13-44CE-8569-B8E07075CE5D}.Debug|Any CPU.Build.0 = Debug|Any CPU
		{0B6EF59E-EA13-44CE-8569-B8E07075CE5D}.Debug|Mixed Platforms.ActiveCfg = Debug|x86
		{0B6EF59E-EA13-44CE-8569-B8E07075CE5D}.Debug|Mixed Platforms.Build.0 = Debug|x86
		{0B6EF59E-EA13-44CE-8569-B8E07075CE5D}.Debug|x86.ActiveCfg = Debug|x86
		{0B6EF59E-EA13-44CE-8569-B8E07075CE5D}.Debug|x86.Build.0 = Debug|x86
		{0B6EF59E-EA13-44CE-8569-B8E07075CE5D}.Release|Any CPU.ActiveCfg = Release|Any CPU
		{0B6EF59E-EA13-44CE-8569-B8E07075CE5D}.Release|Any CPU.Build.0 = Release|Any CPU
		{0B6EF59E-EA13-44CE-8569-B8E07075CE5D}.Release|Mixed Platforms.ActiveCfg = Release|x86
		{0B6EF59E-EA13-44CE-8569-B8E07075CE5D}.Release|Mixed Platforms.Build.0 = Release|x86
		{0B6EF59E-EA13-44CE-8569-B8E07075CE5D}.Release|x86.ActiveCfg = Release|x86
		{0B6EF59E-EA13-44CE-8569-B8E07075CE5D}.Release|x86.Build.0 = Release|x86
		{83C62FF7-4B59-4459-BE46-0EEB53137195}.Debug|Any CPU.ActiveCfg = Debug|Any CPU
		{83C62FF7-4B59-4459-BE46-0EEB53137195}.Debug|Any CPU.Build.0 = Debug|Any CPU
		{83C62FF7-4B59-4459-BE46-0EEB53137195}.Debug|Mixed Platforms.ActiveCfg = Debug|x86
		{83C62FF7-4B59-4459-BE46-0EEB53137195}.Debug|Mixed Platforms.Build.0 = Debug|x86
		{83C62FF7-4B59-4459-BE46-0EEB53137195}.Debug|x86.ActiveCfg = Debug|x86
		{83C62FF7-4B59-4459-BE46-0EEB53137195}.Debug|x86.Build.0 = Debug|x86
		{83C62FF7-4B59-4459-BE46-0EEB53137195}.Release|Any CPU.ActiveCfg = Release|Any CPU
		{83C62FF7-4B59-4459-BE46-0EEB53137195}.Release|Any CPU.Build.0 = Release|Any CPU
		{83C62FF7-4B59-4459-BE46-0EEB53137195}.Release|Mixed Platforms.ActiveCfg = Release|x86
		{83C62FF7-4B59-4459-BE46-0EEB53137195}.Release|Mixed Platforms.Build.0 = Release|x86
		{83C62FF7-4B59-4459-BE46-0EEB53137195}.Release|x86.ActiveCfg = Release|x86
		{83C62FF7-4B59-4459-BE46-0EEB53137195}.Release|x86.Build.0 = Release|x86
		{80B3BEC8-8772-45A2-9A9D-4154A5FCB7F0}.Debug|Any CPU.ActiveCfg = Debug|Any CPU
		{80B3BEC8-8772-45A2-9A9D-4154A5FCB7F0}.Debug|Any CPU.Build.0 = Debug|Any CPU
		{80B3BEC8-8772-45A2-9A9D-4154A5FCB7F0}.Debug|Mixed Platforms.ActiveCfg = Debug|x86
		{80B3BEC8-8772-45A2-9A9D-4154A5FCB7F0}.Debug|Mixed Platforms.Build.0 = Debug|x86
		{80B3BEC8-8772-45A2-9A9D-4154A5FCB7F0}.Debug|x86.ActiveCfg = Debug|x86
		{80B3BEC8-8772-45A2-9A9D-4154A5FCB7F0}.Debug|x86.Build.0 = Debug|x86
		{80B3BEC8-8772-45A2-9A9D-4154A5FCB7F0}.Release|Any CPU.ActiveCfg = Release|Any CPU
		{80B3BEC8-8772-45A2-9A9D-4154A5FCB7F0}.Release|Any CPU.Build.0 = Release|Any CPU
		{80B3BEC8-8772-45A2-9A9D-4154A5FCB7F0}.Release|Mixed Platforms.ActiveCfg = Release|x86
		{80B3BEC8-8772-45A2-9A9D-4154A5FCB7F0}.Release|Mixed Platforms.Build.0 = Release|x86
		{80B3BEC8-8772-45A2-9A9D-4154A5FCB7F0}.Release|x86.ActiveCfg = Release|x86
		{80B3BEC8-8772-45A2-9A9D-4154A5FCB7F0}.Release|x86.Build.0 = Release|x86
	EndGlobalSection
	GlobalSection(SolutionProperties) = preSolution
		HideSolutionNode = FALSE
	EndGlobalSection
	GlobalSection(TeamFoundationVersionControl) = preSolution
		SccNumberOfProjects = 35
		SccEnterpriseProvider = {4CA58AB2-18FA-4F8D-95D4-32DDF27D184C}
		SccTeamFoundationServer = https://gasolutionssas.visualstudio.com/defaultcollection
		SccLocalPath0 = .
		SccProjectUniqueName1 = FabricaProtocolosC\\HP_FabricaProtocolosC.csproj
		SccProjectName1 = FabricaProtocolosC
		SccLocalPath1 = FabricaProtocolosC
		SccProjectUniqueName2 = FabricaProtocolosVB\\HP_FabricaProtocolosVB.vbproj
		SccProjectName2 = FabricaProtocolosVB
		SccLocalPath2 = FabricaProtocolosVB
		SccProjectUniqueName3 = GasolutionsCompac\\GasolutionsCompac.csproj
		SccProjectName3 = GasolutionsCompac
		SccLocalPath3 = GasolutionsCompac
		SccProjectUniqueName4 = GasolutionsCoritec\\GasolutionsCoritec.csproj
		SccProjectName4 = GasolutionsCoritec
		SccLocalPath4 = GasolutionsCoritec
		SccProjectUniqueName5 = GasolutionsDevelco\\GasolutionsDevelco.csproj
		SccProjectName5 = GasolutionsDevelco
		SccLocalPath5 = GasolutionsDevelco
		SccProjectUniqueName6 = GasolutionsGilbarco_Extended\\Gilbarco_Extended.csproj
		SccProjectName6 = GasolutionsGilbarco_Extended
		SccLocalPath6 = GasolutionsGilbarco_Extended
		SccProjectUniqueName7 = GasolutionsGilbarcoKraus\\GasolutionsGilbarcoKraus.csproj
		SccProjectName7 = GasolutionsGilbarcoKraus
		SccLocalPath7 = GasolutionsGilbarcoKraus
		SccProjectUniqueName8 = GasolutionsWayne\\Wayne.csproj
		SccProjectName8 = GasolutionsWayne
		SccLocalPath8 = GasolutionsWayne
		SccProjectUniqueName9 = Petromecanica\\PetroMecanica.csproj
		SccProjectName9 = Petromecanica
		SccLocalPath9 = Petromecanica
		SccProjectUniqueName10 = Gasolutions2A\\Gasolutions_2A.csproj
		SccProjectName10 = Gasolutions2A
		SccLocalPath10 = Gasolutions2A
		SccProjectUniqueName11 = GasolutionsGilbarco\\Gilbarco.csproj
		SccProjectName11 = GasolutionsGilbarco
		SccLocalPath11 = GasolutionsGilbarco
		SccProjectUniqueName12 = ProtocoloMR3\\ProtocoloMR3.csproj
		SccProjectName12 = ProtocoloMR3
		SccLocalPath12 = ProtocoloMR3
		SccProjectUniqueName13 = VentanaEncuestador\\VentanaEncuestador.csproj
		SccProjectName13 = VentanaEncuestador
		SccLocalPath13 = VentanaEncuestador
		SccProjectUniqueName14 = GasolutionsVeederRoot\\GasolutionsVeederRoot.csproj
		SccProjectName14 = GasolutionsVeederRoot
		SccLocalPath14 = GasolutionsVeederRoot
		SccProjectUniqueName15 = GasolutionsFAFNIR\\GasolutionsFAFNIR.csproj
		SccProjectName15 = GasolutionsFAFNIR
		SccLocalPath15 = GasolutionsFAFNIR
		SccProjectUniqueName16 = GasolutionsWayne_Duplex\\GasolutionsWayne_Duplex.csproj
		SccProjectName16 = GasolutionsWayne_Duplex
		SccLocalPath16 = GasolutionsWayne_Duplex
		SccProjectUniqueName17 = GasolutionsGilbarco_2A\\GasolutionsGilbarco_2A.csproj
		SccProjectName17 = GasolutionsGilbarco_2A
		SccLocalPath17 = GasolutionsGilbarco_2A
		SccProjectUniqueName18 = GasolutionsHongYang\\HongYang.csproj
		SccProjectName18 = GasolutionsHongYang
		SccLocalPath18 = GasolutionsHongYang
		SccProjectUniqueName19 = GasolutionsGilbarco_Conversor\\Gilbarco_Conversor.csproj
		SccProjectName19 = GasolutionsGilbarco_Conversor
		SccLocalPath19 = GasolutionsGilbarco_Conversor
		SccProjectUniqueName20 = GasolutionsTokheimOriginal\\GasolutionsTokheimStandar.csproj
		SccProjectName20 = GasolutionsTokheimOriginal
		SccLocalPath20 = GasolutionsTokheimOriginal
		SccProjectUniqueName21 = GasolutionsGilbarco5787\\HP_ProtocoloGilbarco5787.csproj
		SccProjectName21 = GasolutionsGilbarco5787
		SccLocalPath21 = GasolutionsGilbarco5787
		SccProjectUniqueName22 = GasolutionsGilbarcoKraus5787\\GasolutionsGilbarcoKraus5787.csproj
		SccProjectName22 = GasolutionsGilbarcoKraus5787
		SccLocalPath22 = GasolutionsGilbarcoKraus5787
		SccProjectUniqueName23 = PumpControlGC22\\PumpControlGC22.csproj
		SccProjectName23 = PumpControlGC22
		SccLocalPath23 = PumpControlGC22
		SccProjectUniqueName24 = Petromecanica_Conversor\\PetroMecanica_conversor.csproj
		SccProjectName24 = Petromecanica_Conversor
		SccLocalPath24 = Petromecanica_Conversor
		SccProjectUniqueName25 = GasolutionsH2P_Safe\\GasolutionsH2P_Safe.csproj
		SccProjectName25 = GasolutionsH2P_Safe
		SccLocalPath25 = GasolutionsH2P_Safe
		SccProjectUniqueName26 = GasolutionsBennett\\Bennett.csproj
		SccProjectName26 = GasolutionsBennett
		SccLocalPath26 = GasolutionsBennett
		SccProjectUniqueName27 = GasolutionsPumpControl\\GasolutionsPumpControl.csproj
		SccProjectName27 = GasolutionsPumpControl
		SccLocalPath27 = GasolutionsPumpControl
		SccProjectUniqueName28 = GasolutionsPumpControl_V1.15\u0020Autorizacion\\GasolutionsPumpControl_Autoriza.csproj
		SccProjectName28 = GasolutionsPumpControl_V1.15\u0020Autorizacion
		SccLocalPath28 = GasolutionsPumpControl_V1.15\u0020Autorizacion
		SccProjectUniqueName29 = GasolutionsFalcon\\Falcon.csproj
		SccProjectName29 = GasolutionsFalcon
		SccLocalPath29 = GasolutionsFalcon
		SccProjectUniqueName30 = GasolutionsGilbarco_EuroPump\\GasolutionsGilbarcoEuroPump.csproj
		SccProjectName30 = GasolutionsGilbarco_EuroPump
		SccLocalPath30 = GasolutionsGilbarco_EuroPump
		SccProjectUniqueName31 = GasolutionsH2P_MRU\\GasolutionsH2P_MRU.csproj
		SccProjectName31 = GasolutionsH2P_MRU
		SccLocalPath31 = GasolutionsH2P_MRU
		SccProjectUniqueName32 = PumpControlGC22_CPT\\PumpControlGC22_CPT.csproj
		SccProjectName32 = PumpControlGC22_CPT
		SccLocalPath32 = PumpControlGC22_CPT
		SccProjectUniqueName33 = Generic\\GenericProtocol.csproj
		SccProjectName33 = Generic
		SccLocalPath33 = Generic
		SccProjectUniqueName34 = GasolutionsGilbarco_PumaLAN\\Gilbarco_PumaLAN.csproj
		SccProjectName34 = GasolutionsGilbarco_PumaLAN
		SccLocalPath34 = GasolutionsGilbarco_PumaLAN
	EndGlobalSection
EndGlobal
